
Microsoft Visual Studio Solution File, Format Version 12.00
# Visual Studio Version 16
VisualStudioVersion = 16.0.30621.155
MinimumVisualStudioVersion = 10.0.40219.1
Project("{9A19103F-16F7-4668-BE54-9A1E7A4F7556}") = "RefValueTypes", "RefValueTypes\RefValueTypes.csproj", "{B0ADF9EE-99DC-4BD4-9333-5AA769C93860}"
EndProject
Project("{9A19103F-16F7-4668-BE54-9A1E7A4F7556}") = "CheckedUnchecked", "CheckedUnchecked\CheckedUnchecked.csproj", "{963E443E-600E-4C58-AAA4-6124F9A46B80}"
EndProject
Project("{9A19103F-16F7-4668-BE54-9A1E7A4F7556}") = "MatrixMultiplication", "MatrixMultiplication\MatrixMultiplication.csproj", "{BC433C79-0A83-414D-9248-201B3C2828A2}"
EndProject
Project("{9A19103F-16F7-4668-BE54-9A1E7A4F7556}") = "BoxingUnboxing", "BoxingUnboxing\BoxingUnboxing.csproj", "{19E4AB96-FF03-4639-8796-E4761AC71AE0}"
EndProject
Project("{9A19103F-16F7-4668-BE54-9A1E7A4F7556}") = "ParameterPassing", "ParameterPassing\ParameterPassing.csproj", "{AC6ACE38-1B15-4811-9D62-AF7F7772F682}"
EndProject
Project("{9A19103F-16F7-4668-BE54-9A1E7A4F7556}") = "NullableValueType", "NullableValueType\NullableValueType.csproj", "{0C549F83-DBF7-4E79-904D-06D5D54BB163}"
EndProject
Project("{9A19103F-16F7-4668-BE54-9A1E7A4F7556}") = "String", "String\String.csproj", "{4947AFFE-4611-42E4-9B01-FBC7E0BE8B6C}"
EndProject
Project("{9A19103F-16F7-4668-BE54-9A1E7A4F7556}") = "Regex", "Regex\Regex.csproj", "{84E0FBA0-40C2-450D-9EEC-822A57CB4E5F}"
EndProject
Project("{9A19103F-16F7-4668-BE54-9A1E7A4F7556}") = "ListDemo", "ListDemo\ListDemo.csproj", "{B5A7EB75-EF09-4C1F-BF93-611B8FD10DFE}"
EndProject
Project("{FAE04EC0-301F-11D3-BF4B-00C04F79EFBC}") = "SortArrayOfCompexes", "SortArrayOfCompexes\SortArrayOfCompexes.csproj", "{05BFF654-59CC-445A-BE1C-71643F0DC0C6}"
EndProject
Global
	GlobalSection(SolutionConfigurationPlatforms) = preSolution
		Debug|Any CPU = Debug|Any CPU
		Release|Any CPU = Release|Any CPU
	EndGlobalSection
	GlobalSection(ProjectConfigurationPlatforms) = postSolution
		{B0ADF9EE-99DC-4BD4-9333-5AA769C93860}.Debug|Any CPU.ActiveCfg = Debug|Any CPU
		{B0ADF9EE-99DC-4BD4-9333-5AA769C93860}.Debug|Any CPU.Build.0 = Debug|Any CPU
		{B0ADF9EE-99DC-4BD4-9333-5AA769C93860}.Release|Any CPU.ActiveCfg = Release|Any CPU
		{B0ADF9EE-99DC-4BD4-9333-5AA769C93860}.Release|Any CPU.Build.0 = Release|Any CPU
		{963E443E-600E-4C58-AAA4-6124F9A46B80}.Debug|Any CPU.ActiveCfg = Debug|Any CPU
		{963E443E-600E-4C58-AAA4-6124F9A46B80}.Debug|Any CPU.Build.0 = Debug|Any CPU
		{963E443E-600E-4C58-AAA4-6124F9A46B80}.Release|Any CPU.ActiveCfg = Release|Any CPU
		{963E443E-600E-4C58-AAA4-6124F9A46B80}.Release|Any CPU.Build.0 = Release|Any CPU
		{BC433C79-0A83-414D-9248-201B3C2828A2}.Debug|Any CPU.ActiveCfg = Debug|Any CPU
		{BC433C79-0A83-414D-9248-201B3C2828A2}.Debug|Any CPU.Build.0 = Debug|Any CPU
		{BC433C79-0A83-414D-9248-201B3C2828A2}.Release|Any CPU.ActiveCfg = Release|Any CPU
		{BC433C79-0A83-414D-9248-201B3C2828A2}.Release|Any CPU.Build.0 = Release|Any CPU
		{19E4AB96-FF03-4639-8796-E4761AC71AE0}.Debug|Any CPU.ActiveCfg = Debug|Any CPU
		{19E4AB96-FF03-4639-8796-E4761AC71AE0}.Debug|Any CPU.Build.0 = Debug|Any CPU
		{19E4AB96-FF03-4639-8796-E4761AC71AE0}.Release|Any CPU.ActiveCfg = Release|Any CPU
		{19E4AB96-FF03-4639-8796-E4761AC71AE0}.Release|Any CPU.Build.0 = Release|Any CPU
		{AC6ACE38-1B15-4811-9D62-AF7F7772F682}.Debug|Any CPU.ActiveCfg = Debug|Any CPU
		{AC6ACE38-1B15-4811-9D62-AF7F7772F682}.Debug|Any CPU.Build.0 = Debug|Any CPU
		{AC6ACE38-1B15-4811-9D62-AF7F7772F682}.Release|Any CPU.ActiveCfg = Release|Any CPU
		{AC6ACE38-1B15-4811-9D62-AF7F7772F682}.Release|Any CPU.Build.0 = Release|Any CPU
		{0C549F83-DBF7-4E79-904D-06D5D54BB163}.Debug|Any CPU.ActiveCfg = Debug|Any CPU
		{0C549F83-DBF7-4E79-904D-06D5D54BB163}.Debug|Any CPU.Build.0 = Debug|Any CPU
		{0C549F83-DBF7-4E79-904D-06D5D54BB163}.Release|Any CPU.ActiveCfg = Release|Any CPU
		{0C549F83-DBF7-4E79-904D-06D5D54BB163}.Release|Any CPU.Build.0 = Release|Any CPU
		{4947AFFE-4611-42E4-9B01-FBC7E0BE8B6C}.Debug|Any CPU.ActiveCfg = Debug|Any CPU
		{4947AFFE-4611-42E4-9B01-FBC7E0BE8B6C}.Debug|Any CPU.Build.0 = Debug|Any CPU
		{4947AFFE-4611-42E4-9B01-FBC7E0BE8B6C}.Release|Any CPU.ActiveCfg = Release|Any CPU
		{4947AFFE-4611-42E4-9B01-FBC7E0BE8B6C}.Release|Any CPU.Build.0 = Release|Any CPU
		{84E0FBA0-40C2-450D-9EEC-822A57CB4E5F}.Debug|Any CPU.ActiveCfg = Debug|Any CPU
		{84E0FBA0-40C2-450D-9EEC-822A57CB4E5F}.Debug|Any CPU.Build.0 = Debug|Any CPU
		{84E0FBA0-40C2-450D-9EEC-822A57CB4E5F}.Release|Any CPU.ActiveCfg = Release|Any CPU
		{84E0FBA0-40C2-450D-9EEC-822A57CB4E5F}.Release|Any CPU.Build.0 = Release|Any CPU
		{B5A7EB75-EF09-4C1F-BF93-611B8FD10DFE}.Debug|Any CPU.ActiveCfg = Debug|Any CPU
		{B5A7EB75-EF09-4C1F-BF93-611B8FD10DFE}.Debug|Any CPU.Build.0 = Debug|Any CPU
		{B5A7EB75-EF09-4C1F-BF93-611B8FD10DFE}.Release|Any CPU.ActiveCfg = Release|Any CPU
		{B5A7EB75-EF09-4C1F-BF93-611B8FD10DFE}.Release|Any CPU.Build.0 = Release|Any CPU
		{05BFF654-59CC-445A-BE1C-71643F0DC0C6}.Debug|Any CPU.ActiveCfg = Debug|Any CPU
		{05BFF654-59CC-445A-BE1C-71643F0DC0C6}.Debug|Any CPU.Build.0 = Debug|Any CPU
		{05BFF654-59CC-445A-BE1C-71643F0DC0C6}.Release|Any CPU.ActiveCfg = Release|Any CPU
		{05BFF654-59CC-445A-BE1C-71643F0DC0C6}.Release|Any CPU.Build.0 = Release|Any CPU
	EndGlobalSection
	GlobalSection(SolutionProperties) = preSolution
		HideSolutionNode = FALSE
	EndGlobalSection
	GlobalSection(ExtensibilityGlobals) = postSolution
		SolutionGuid = {C4BC120E-B12B-4CEE-AFAD-4C5F7D63F0C0}
	EndGlobalSection
EndGlobal
